
Microsoft Visual Studio Solution File, Format Version 12.00
# Visual Studio Version 17
VisualStudioVersion = 17.8.34525.116
MinimumVisualStudioVersion = 10.0.40219.1
Project("{FAE04EC0-301F-11D3-BF4B-00C04F79EFBC}") = "TourismWebsite", "TourismWebsite\TourismWebsite.csproj", "{3349EF60-03CC-481F-861A-8783112BE253}"
EndProject
Global
	GlobalSection(SolutionConfigurationPlatforms) = preSolution
		Debug|Any CPU = Debug|Any CPU
		Release|Any CPU = Release|Any CPU
	EndGlobalSection
	GlobalSection(ProjectConfigurationPlatforms) = postSolution
		{3349EF60-03CC-481F-861A-8783112BE253}.Debug|Any CPU.ActiveCfg = Debug|Any CPU
		{3349EF60-03CC-481F-861A-8783112BE253}.Debug|Any CPU.Build.0 = Debug|Any CPU
		{3349EF60-03CC-481F-861A-8783112BE253}.Release|Any CPU.ActiveCfg = Release|Any CPU
		{3349EF60-03CC-481F-861A-8783112BE253}.Release|Any CPU.Build.0 = Release|Any CPU
	EndGlobalSection
	GlobalSection(SolutionProperties) = preSolution
		HideSolutionNode = FALSE
	EndGlobalSection
	GlobalSection(ExtensibilityGlobals) = postSolution
		SolutionGuid = {C5952F5C-A197-4247-802A-3F05F59DC457}
	EndGlobalSection
EndGlobal
